
Microsoft Visual Studio Solution File, Format Version 12.00
# Visual Studio Version 17
VisualStudioVersion = 17.1.32328.378
MinimumVisualStudioVersion = 10.0.40219.1
Project("{FAE04EC0-301F-11D3-BF4B-00C04F79EFBC}") = "PathfinderPCE", "PathfinderPCE\PathfinderPCE.csproj", "{AD9CDD65-A62B-476C-AE3E-385BA49FA384}"
EndProject
Project("{FAE04EC0-301F-11D3-BF4B-00C04F79EFBC}") = "PathfinderData", "PathfinderData\PathfinderData.csproj", "{AEDFDFFE-B7FD-4B5C-8AC5-D996F146D2AD}"
EndProject
Global
	GlobalSection(SolutionConfigurationPlatforms) = preSolution
		Debug|Any CPU = Debug|Any CPU
		Release|Any CPU = Release|Any CPU
	EndGlobalSection
	GlobalSection(ProjectConfigurationPlatforms) = postSolution
		{AD9CDD65-A62B-476C-AE3E-385BA49FA384}.Debug|Any CPU.ActiveCfg = Debug|Any CPU
		{AD9CDD65-A62B-476C-AE3E-385BA49FA384}.Debug|Any CPU.Build.0 = Debug|Any CPU
		{AD9CDD65-A62B-476C-AE3E-385BA49FA384}.Release|Any CPU.ActiveCfg = Release|Any CPU
		{AD9CDD65-A62B-476C-AE3E-385BA49FA384}.Release|Any CPU.Build.0 = Release|Any CPU
		{AEDFDFFE-B7FD-4B5C-8AC5-D996F146D2AD}.Debug|Any CPU.ActiveCfg = Debug|Any CPU
		{AEDFDFFE-B7FD-4B5C-8AC5-D996F146D2AD}.Debug|Any CPU.Build.0 = Debug|Any CPU
		{AEDFDFFE-B7FD-4B5C-8AC5-D996F146D2AD}.Release|Any CPU.ActiveCfg = Release|Any CPU
		{AEDFDFFE-B7FD-4B5C-8AC5-D996F146D2AD}.Release|Any CPU.Build.0 = Release|Any CPU
	EndGlobalSection
	GlobalSection(SolutionProperties) = preSolution
		HideSolutionNode = FALSE
	EndGlobalSection
	GlobalSection(ExtensibilityGlobals) = postSolution
		SolutionGuid = {21A54B28-D04F-4539-9308-05A31FC0CB42}
	EndGlobalSection
EndGlobal
